
Microsoft Visual Studio Solution File, Format Version 12.00
# Visual Studio Version 16
VisualStudioVersion = 16.0.31424.327
MinimumVisualStudioVersion = 10.0.40219.1
Project("{FAE04EC0-301F-11D3-BF4B-00C04F79EFBC}") = "SupportingProject", "SupportingProject\SupportingProject.csproj", "{FFA9E95A-A687-48C3-92FB-42B59FC57B0C}"
EndProject
Global
	GlobalSection(SolutionConfigurationPlatforms) = preSolution
		Debug|Any CPU = Debug|Any CPU
		Release|Any CPU = Release|Any CPU
	EndGlobalSection
	GlobalSection(ProjectConfigurationPlatforms) = postSolution
		{FFA9E95A-A687-48C3-92FB-42B59FC57B0C}.Debug|Any CPU.ActiveCfg = Debug|Any CPU
		{FFA9E95A-A687-48C3-92FB-42B59FC57B0C}.Debug|Any CPU.Build.0 = Debug|Any CPU
		{FFA9E95A-A687-48C3-92FB-42B59FC57B0C}.Release|Any CPU.ActiveCfg = Release|Any CPU
		{FFA9E95A-A687-48C3-92FB-42B59FC57B0C}.Release|Any CPU.Build.0 = Release|Any CPU
	EndGlobalSection
	GlobalSection(SolutionProperties) = preSolution
		HideSolutionNode = FALSE
	EndGlobalSection
	GlobalSection(ExtensibilityGlobals) = postSolution
		SolutionGuid = {2D814BFA-79BC-402B-9039-C2A797FD04D0}
	EndGlobalSection
EndGlobal
