
Microsoft Visual Studio Solution File, Format Version 12.00
# Visual Studio Version 16
VisualStudioVersion = 16.0.31229.75
MinimumVisualStudioVersion = 10.0.40219.1
Project("{FAE04EC0-301F-11D3-BF4B-00C04F79EFBC}") = "OOPLessons", "OOPLessons\OOPLessons.csproj", "{BC35BFBD-80B2-4ABB-B0E9-895A06D7477C}"
EndProject
Project("{FAE04EC0-301F-11D3-BF4B-00C04F79EFBC}") = "SecondLesson(ValueType)(Class)", "SecondLesson(ValueType)(Class)\SecondLesson(ValueType)(Class).csproj", "{FAF7446F-B415-483A-816D-99D1C9B50058}"
EndProject
Project("{FAE04EC0-301F-11D3-BF4B-00C04F79EFBC}") = "SecondLesson(ValueType)(Structure)", "SecondLesson(ValueType)(Structure)\SecondLesson(ValueType)(Structure).csproj", "{6EB5F693-DE52-49FB-AACC-B6BDE42CF5F1}"
EndProject
Global
	GlobalSection(SolutionConfigurationPlatforms) = preSolution
		Debug|Any CPU = Debug|Any CPU
		Release|Any CPU = Release|Any CPU
	EndGlobalSection
	GlobalSection(ProjectConfigurationPlatforms) = postSolution
		{BC35BFBD-80B2-4ABB-B0E9-895A06D7477C}.Debug|Any CPU.ActiveCfg = Debug|Any CPU
		{BC35BFBD-80B2-4ABB-B0E9-895A06D7477C}.Debug|Any CPU.Build.0 = Debug|Any CPU
		{BC35BFBD-80B2-4ABB-B0E9-895A06D7477C}.Release|Any CPU.ActiveCfg = Release|Any CPU
		{BC35BFBD-80B2-4ABB-B0E9-895A06D7477C}.Release|Any CPU.Build.0 = Release|Any CPU
		{FAF7446F-B415-483A-816D-99D1C9B50058}.Debug|Any CPU.ActiveCfg = Debug|Any CPU
		{FAF7446F-B415-483A-816D-99D1C9B50058}.Debug|Any CPU.Build.0 = Debug|Any CPU
		{FAF7446F-B415-483A-816D-99D1C9B50058}.Release|Any CPU.ActiveCfg = Release|Any CPU
		{FAF7446F-B415-483A-816D-99D1C9B50058}.Release|Any CPU.Build.0 = Release|Any CPU
		{6EB5F693-DE52-49FB-AACC-B6BDE42CF5F1}.Debug|Any CPU.ActiveCfg = Debug|Any CPU
		{6EB5F693-DE52-49FB-AACC-B6BDE42CF5F1}.Debug|Any CPU.Build.0 = Debug|Any CPU
		{6EB5F693-DE52-49FB-AACC-B6BDE42CF5F1}.Release|Any CPU.ActiveCfg = Release|Any CPU
		{6EB5F693-DE52-49FB-AACC-B6BDE42CF5F1}.Release|Any CPU.Build.0 = Release|Any CPU
	EndGlobalSection
	GlobalSection(SolutionProperties) = preSolution
		HideSolutionNode = FALSE
	EndGlobalSection
	GlobalSection(ExtensibilityGlobals) = postSolution
		SolutionGuid = {D9F8B62C-9D64-4062-8B80-70D80D4866AC}
	EndGlobalSection
EndGlobal
