
Microsoft Visual Studio Solution File, Format Version 12.00
# Visual Studio Version 16
VisualStudioVersion = 16.0.31229.75
MinimumVisualStudioVersion = 10.0.40219.1
Project("{FAE04EC0-301F-11D3-BF4B-00C04F79EFBC}") = "OOPLessons", "OOPLessons\OOPLessons.csproj", "{BC35BFBD-80B2-4ABB-B0E9-895A06D7477C}"
EndProject
Project("{FAE04EC0-301F-11D3-BF4B-00C04F79EFBC}") = "SecondLesson(ValueType)(Class)", "SecondLesson(ValueType)(Class)\SecondLesson(ValueType)(Class).csproj", "{FAF7446F-B415-483A-816D-99D1C9B50058}"
EndProject
Project("{FAE04EC0-301F-11D3-BF4B-00C04F79EFBC}") = "SecondLesson(ValueType)(Structure)", "SecondLesson(ValueType)(Structure)\SecondLesson(ValueType)(Structure).csproj", "{6EB5F693-DE52-49FB-AACC-B6BDE42CF5F1}"
EndProject
Project("{FAE04EC0-301F-11D3-BF4B-00C04F79EFBC}") = "Boxing_Unboxing", "Boxing_Unboxing\Boxing_Unboxing.csproj", "{05F34D11-6A99-47D9-B2E3-341A308446CD}"
EndProject
Project("{FAE04EC0-301F-11D3-BF4B-00C04F79EFBC}") = "ThirdLesson(Equals)", "ThirdLesson(Equals)\ThirdLesson(Equals).csproj", "{C339B490-96D5-4FE2-997F-B8A13A17C9EE}"
EndProject
Project("{FAE04EC0-301F-11D3-BF4B-00C04F79EFBC}") = "ThirdLesson_Homework(Equals_GetHashCode)", "ThirdLesson_Homework(Equals_GetHashCode)\ThirdLesson_Homework(Equals_GetHashCode).csproj", "{5821E496-A3E2-4A7D-96AC-14040EFE52BC}"
EndProject
Project("{FAE04EC0-301F-11D3-BF4B-00C04F79EFBC}") = "ThirdLesson_Homework(LINQ)", "ThirdLesson_Homework(LINQ)\ThirdLesson_Homework(LINQ).csproj", "{997BF433-F490-4B79-89D4-203ADA4967F2}"
EndProject
Project("{9A19103F-16F7-4668-BE54-9A1E7A4F7556}") = "FourthLesson(Generic, Dictionary)", "FourthLesson(Generic, Dictionary)\FourthLesson(Generic, Dictionary).csproj", "{51A76C71-00AC-49D9-B8DE-59CFA4402D54}"
EndProject
Project("{9A19103F-16F7-4668-BE54-9A1E7A4F7556}") = "FourthLesson(ClassWork)", "FourthLesson(ClassWork)\FourthLesson(ClassWork).csproj", "{982E6CD7-04E8-4431-920D-E6CE7A1FABC7}"
EndProject
Project("{9A19103F-16F7-4668-BE54-9A1E7A4F7556}") = "FourthLesson(Homework, Dictionary)", "FourthLesson(Homework, Dictionary)\FourthLesson(Homework, Dictionary).csproj", "{22C675EA-3C6E-4C6D-A3FA-40284B633AB7}"
EndProject
Project("{9A19103F-16F7-4668-BE54-9A1E7A4F7556}") = "FourthLesson(Homework, PerformanceMeasurement)", "FourthLesson(Homework, PerformanceMeasurement)\FourthLesson(Homework, PerformanceMeasurement).csproj", "{5C2C7904-5650-41FD-8FF9-EA3F185AD67F}"
EndProject
Project("{9A19103F-16F7-4668-BE54-9A1E7A4F7556}") = "FifthLesson(GenericType)", "FifthLesson(GenericType)\FifthLesson(GenericType).csproj", "{451FECA4-F08A-49CB-9E18-2768080DB4F3}"
EndProject
Project("{9A19103F-16F7-4668-BE54-9A1E7A4F7556}") = "SixthLesson(Delegate)", "SixthLesson(Delegate)\SixthLesson(Delegate).csproj", "{C8A34B39-A8C5-495A-ADB7-12474583CADF}"
EndProject
Project("{9A19103F-16F7-4668-BE54-9A1E7A4F7556}") = "SixthLesson(INotifyPropertyChanged)", "SixthLesson(INotifyPropertyChanged)\SixthLesson(INotifyPropertyChanged).csproj", "{DE1E3888-5727-435A-B47B-F26E2B755CE3}"
EndProject
Project("{9A19103F-16F7-4668-BE54-9A1E7A4F7556}") = "SeventhLesson(FileStream)", "SeventhLesson(FileStream)\SeventhLesson(FileStream).csproj", "{DD38F84C-5FCB-4584-B266-CE5FD3D4DB08}"
EndProject
Project("{9A19103F-16F7-4668-BE54-9A1E7A4F7556}") = "EighthLesson(Serialization)", "EighthLesson(Serialization)\EighthLesson(Serialization).csproj", "{481F0844-62E1-4D8F-9D90-7D089BEB8D43}"
EndProject
Project("{9A19103F-16F7-4668-BE54-9A1E7A4F7556}") = "EighthLesson(Extensions)", "EighthLesson(Extensions)\EighthLesson(Extensions).csproj", "{CF2983CF-5569-45DC-A264-6F3469BA9572}"
EndProject
Project("{9A19103F-16F7-4668-BE54-9A1E7A4F7556}") = "NinethLesson(Reflection)", "NinethLesson(Reflection)\NinethLesson(Reflection).csproj", "{1701CEC0-32F5-45D7-9213-54E52665198B}"
EndProject
Project("{9A19103F-16F7-4668-BE54-9A1E7A4F7556}") = "TenthLesson(UnitTests)", "TenthLesson(UnitTests)\TenthLesson(UnitTests).csproj", "{757EF516-FAAB-4832-9D77-6F10E961AC62}"
EndProject
Project("{9A19103F-16F7-4668-BE54-9A1E7A4F7556}") = "TenthLesson(UnitTests).Tests", "TenthLesson(UnitTests).Tests\TenthLesson(UnitTests).Tests.csproj", "{673E05A7-BA03-4203-B711-7FB0837D23F4}"
EndProject
Project("{9A19103F-16F7-4668-BE54-9A1E7A4F7556}") = "EleventhLesson(Http)", "EleventhLesson(Http)\EleventhLesson(Http).csproj", "{0E63241D-71FF-4D8C-A2F9-F27CAAF5177C}"
EndProject
Project("{9A19103F-16F7-4668-BE54-9A1E7A4F7556}") = "TwelfthLesson(Threading)", "TwelfthLesson(Threading)\TwelfthLesson(Threading).csproj", "{CD5161EB-7ADB-42AF-9F16-AD0B092D8C29}"
EndProject
Project("{FAE04EC0-301F-11D3-BF4B-00C04F79EFBC}") = "RegularExpression", "RegularExpression\RegularExpression.csproj", "{D869CE1E-3DA4-4F76-B263-910F84B97138}"
EndProject
Global
	GlobalSection(SolutionConfigurationPlatforms) = preSolution
		Debug|Any CPU = Debug|Any CPU
		Release|Any CPU = Release|Any CPU
	EndGlobalSection
	GlobalSection(ProjectConfigurationPlatforms) = postSolution
		{BC35BFBD-80B2-4ABB-B0E9-895A06D7477C}.Debug|Any CPU.ActiveCfg = Debug|Any CPU
		{BC35BFBD-80B2-4ABB-B0E9-895A06D7477C}.Debug|Any CPU.Build.0 = Debug|Any CPU
		{BC35BFBD-80B2-4ABB-B0E9-895A06D7477C}.Release|Any CPU.ActiveCfg = Release|Any CPU
		{BC35BFBD-80B2-4ABB-B0E9-895A06D7477C}.Release|Any CPU.Build.0 = Release|Any CPU
		{FAF7446F-B415-483A-816D-99D1C9B50058}.Debug|Any CPU.ActiveCfg = Debug|Any CPU
		{FAF7446F-B415-483A-816D-99D1C9B50058}.Debug|Any CPU.Build.0 = Debug|Any CPU
		{FAF7446F-B415-483A-816D-99D1C9B50058}.Release|Any CPU.ActiveCfg = Release|Any CPU
		{FAF7446F-B415-483A-816D-99D1C9B50058}.Release|Any CPU.Build.0 = Release|Any CPU
		{6EB5F693-DE52-49FB-AACC-B6BDE42CF5F1}.Debug|Any CPU.ActiveCfg = Debug|Any CPU
		{6EB5F693-DE52-49FB-AACC-B6BDE42CF5F1}.Debug|Any CPU.Build.0 = Debug|Any CPU
		{6EB5F693-DE52-49FB-AACC-B6BDE42CF5F1}.Release|Any CPU.ActiveCfg = Release|Any CPU
		{6EB5F693-DE52-49FB-AACC-B6BDE42CF5F1}.Release|Any CPU.Build.0 = Release|Any CPU
		{05F34D11-6A99-47D9-B2E3-341A308446CD}.Debug|Any CPU.ActiveCfg = Debug|Any CPU
		{05F34D11-6A99-47D9-B2E3-341A308446CD}.Debug|Any CPU.Build.0 = Debug|Any CPU
		{05F34D11-6A99-47D9-B2E3-341A308446CD}.Release|Any CPU.ActiveCfg = Release|Any CPU
		{05F34D11-6A99-47D9-B2E3-341A308446CD}.Release|Any CPU.Build.0 = Release|Any CPU
		{C339B490-96D5-4FE2-997F-B8A13A17C9EE}.Debug|Any CPU.ActiveCfg = Debug|Any CPU
		{C339B490-96D5-4FE2-997F-B8A13A17C9EE}.Debug|Any CPU.Build.0 = Debug|Any CPU
		{C339B490-96D5-4FE2-997F-B8A13A17C9EE}.Release|Any CPU.ActiveCfg = Release|Any CPU
		{C339B490-96D5-4FE2-997F-B8A13A17C9EE}.Release|Any CPU.Build.0 = Release|Any CPU
		{5821E496-A3E2-4A7D-96AC-14040EFE52BC}.Debug|Any CPU.ActiveCfg = Debug|Any CPU
		{5821E496-A3E2-4A7D-96AC-14040EFE52BC}.Debug|Any CPU.Build.0 = Debug|Any CPU
		{5821E496-A3E2-4A7D-96AC-14040EFE52BC}.Release|Any CPU.ActiveCfg = Release|Any CPU
		{5821E496-A3E2-4A7D-96AC-14040EFE52BC}.Release|Any CPU.Build.0 = Release|Any CPU
		{997BF433-F490-4B79-89D4-203ADA4967F2}.Debug|Any CPU.ActiveCfg = Debug|Any CPU
		{997BF433-F490-4B79-89D4-203ADA4967F2}.Debug|Any CPU.Build.0 = Debug|Any CPU
		{997BF433-F490-4B79-89D4-203ADA4967F2}.Release|Any CPU.ActiveCfg = Release|Any CPU
		{997BF433-F490-4B79-89D4-203ADA4967F2}.Release|Any CPU.Build.0 = Release|Any CPU
		{51A76C71-00AC-49D9-B8DE-59CFA4402D54}.Debug|Any CPU.ActiveCfg = Debug|Any CPU
		{51A76C71-00AC-49D9-B8DE-59CFA4402D54}.Debug|Any CPU.Build.0 = Debug|Any CPU
		{51A76C71-00AC-49D9-B8DE-59CFA4402D54}.Release|Any CPU.ActiveCfg = Release|Any CPU
		{51A76C71-00AC-49D9-B8DE-59CFA4402D54}.Release|Any CPU.Build.0 = Release|Any CPU
		{982E6CD7-04E8-4431-920D-E6CE7A1FABC7}.Debug|Any CPU.ActiveCfg = Debug|Any CPU
		{982E6CD7-04E8-4431-920D-E6CE7A1FABC7}.Debug|Any CPU.Build.0 = Debug|Any CPU
		{982E6CD7-04E8-4431-920D-E6CE7A1FABC7}.Release|Any CPU.ActiveCfg = Release|Any CPU
		{982E6CD7-04E8-4431-920D-E6CE7A1FABC7}.Release|Any CPU.Build.0 = Release|Any CPU
		{22C675EA-3C6E-4C6D-A3FA-40284B633AB7}.Debug|Any CPU.ActiveCfg = Debug|Any CPU
		{22C675EA-3C6E-4C6D-A3FA-40284B633AB7}.Debug|Any CPU.Build.0 = Debug|Any CPU
		{22C675EA-3C6E-4C6D-A3FA-40284B633AB7}.Release|Any CPU.ActiveCfg = Release|Any CPU
		{22C675EA-3C6E-4C6D-A3FA-40284B633AB7}.Release|Any CPU.Build.0 = Release|Any CPU
		{5C2C7904-5650-41FD-8FF9-EA3F185AD67F}.Debug|Any CPU.ActiveCfg = Debug|Any CPU
		{5C2C7904-5650-41FD-8FF9-EA3F185AD67F}.Debug|Any CPU.Build.0 = Debug|Any CPU
		{5C2C7904-5650-41FD-8FF9-EA3F185AD67F}.Release|Any CPU.ActiveCfg = Release|Any CPU
		{5C2C7904-5650-41FD-8FF9-EA3F185AD67F}.Release|Any CPU.Build.0 = Release|Any CPU
		{451FECA4-F08A-49CB-9E18-2768080DB4F3}.Debug|Any CPU.ActiveCfg = Debug|Any CPU
		{451FECA4-F08A-49CB-9E18-2768080DB4F3}.Debug|Any CPU.Build.0 = Debug|Any CPU
		{451FECA4-F08A-49CB-9E18-2768080DB4F3}.Release|Any CPU.ActiveCfg = Release|Any CPU
		{451FECA4-F08A-49CB-9E18-2768080DB4F3}.Release|Any CPU.Build.0 = Release|Any CPU
		{C8A34B39-A8C5-495A-ADB7-12474583CADF}.Debug|Any CPU.ActiveCfg = Debug|Any CPU
		{C8A34B39-A8C5-495A-ADB7-12474583CADF}.Debug|Any CPU.Build.0 = Debug|Any CPU
		{C8A34B39-A8C5-495A-ADB7-12474583CADF}.Release|Any CPU.ActiveCfg = Release|Any CPU
		{C8A34B39-A8C5-495A-ADB7-12474583CADF}.Release|Any CPU.Build.0 = Release|Any CPU
		{DE1E3888-5727-435A-B47B-F26E2B755CE3}.Debug|Any CPU.ActiveCfg = Debug|Any CPU
		{DE1E3888-5727-435A-B47B-F26E2B755CE3}.Debug|Any CPU.Build.0 = Debug|Any CPU
		{DE1E3888-5727-435A-B47B-F26E2B755CE3}.Release|Any CPU.ActiveCfg = Release|Any CPU
		{DE1E3888-5727-435A-B47B-F26E2B755CE3}.Release|Any CPU.Build.0 = Release|Any CPU
		{DD38F84C-5FCB-4584-B266-CE5FD3D4DB08}.Debug|Any CPU.ActiveCfg = Debug|Any CPU
		{DD38F84C-5FCB-4584-B266-CE5FD3D4DB08}.Debug|Any CPU.Build.0 = Debug|Any CPU
		{DD38F84C-5FCB-4584-B266-CE5FD3D4DB08}.Release|Any CPU.ActiveCfg = Release|Any CPU
		{DD38F84C-5FCB-4584-B266-CE5FD3D4DB08}.Release|Any CPU.Build.0 = Release|Any CPU
		{481F0844-62E1-4D8F-9D90-7D089BEB8D43}.Debug|Any CPU.ActiveCfg = Debug|Any CPU
		{481F0844-62E1-4D8F-9D90-7D089BEB8D43}.Debug|Any CPU.Build.0 = Debug|Any CPU
		{481F0844-62E1-4D8F-9D90-7D089BEB8D43}.Release|Any CPU.ActiveCfg = Release|Any CPU
		{481F0844-62E1-4D8F-9D90-7D089BEB8D43}.Release|Any CPU.Build.0 = Release|Any CPU
		{CF2983CF-5569-45DC-A264-6F3469BA9572}.Debug|Any CPU.ActiveCfg = Debug|Any CPU
		{CF2983CF-5569-45DC-A264-6F3469BA9572}.Debug|Any CPU.Build.0 = Debug|Any CPU
		{CF2983CF-5569-45DC-A264-6F3469BA9572}.Release|Any CPU.ActiveCfg = Release|Any CPU
		{CF2983CF-5569-45DC-A264-6F3469BA9572}.Release|Any CPU.Build.0 = Release|Any CPU
		{1701CEC0-32F5-45D7-9213-54E52665198B}.Debug|Any CPU.ActiveCfg = Debug|Any CPU
		{1701CEC0-32F5-45D7-9213-54E52665198B}.Debug|Any CPU.Build.0 = Debug|Any CPU
		{1701CEC0-32F5-45D7-9213-54E52665198B}.Release|Any CPU.ActiveCfg = Release|Any CPU
		{1701CEC0-32F5-45D7-9213-54E52665198B}.Release|Any CPU.Build.0 = Release|Any CPU
		{757EF516-FAAB-4832-9D77-6F10E961AC62}.Debug|Any CPU.ActiveCfg = Debug|Any CPU
		{757EF516-FAAB-4832-9D77-6F10E961AC62}.Debug|Any CPU.Build.0 = Debug|Any CPU
		{757EF516-FAAB-4832-9D77-6F10E961AC62}.Release|Any CPU.ActiveCfg = Release|Any CPU
		{757EF516-FAAB-4832-9D77-6F10E961AC62}.Release|Any CPU.Build.0 = Release|Any CPU
		{673E05A7-BA03-4203-B711-7FB0837D23F4}.Debug|Any CPU.ActiveCfg = Debug|Any CPU
		{673E05A7-BA03-4203-B711-7FB0837D23F4}.Debug|Any CPU.Build.0 = Debug|Any CPU
		{673E05A7-BA03-4203-B711-7FB0837D23F4}.Release|Any CPU.ActiveCfg = Release|Any CPU
		{673E05A7-BA03-4203-B711-7FB0837D23F4}.Release|Any CPU.Build.0 = Release|Any CPU
		{0E63241D-71FF-4D8C-A2F9-F27CAAF5177C}.Debug|Any CPU.ActiveCfg = Debug|Any CPU
		{0E63241D-71FF-4D8C-A2F9-F27CAAF5177C}.Debug|Any CPU.Build.0 = Debug|Any CPU
		{0E63241D-71FF-4D8C-A2F9-F27CAAF5177C}.Release|Any CPU.ActiveCfg = Release|Any CPU
		{0E63241D-71FF-4D8C-A2F9-F27CAAF5177C}.Release|Any CPU.Build.0 = Release|Any CPU
		{CD5161EB-7ADB-42AF-9F16-AD0B092D8C29}.Debug|Any CPU.ActiveCfg = Debug|Any CPU
		{CD5161EB-7ADB-42AF-9F16-AD0B092D8C29}.Debug|Any CPU.Build.0 = Debug|Any CPU
		{CD5161EB-7ADB-42AF-9F16-AD0B092D8C29}.Release|Any CPU.ActiveCfg = Release|Any CPU
		{CD5161EB-7ADB-42AF-9F16-AD0B092D8C29}.Release|Any CPU.Build.0 = Release|Any CPU
		{D869CE1E-3DA4-4F76-B263-910F84B97138}.Debug|Any CPU.ActiveCfg = Debug|Any CPU
		{D869CE1E-3DA4-4F76-B263-910F84B97138}.Debug|Any CPU.Build.0 = Debug|Any CPU
		{D869CE1E-3DA4-4F76-B263-910F84B97138}.Release|Any CPU.ActiveCfg = Release|Any CPU
		{D869CE1E-3DA4-4F76-B263-910F84B97138}.Release|Any CPU.Build.0 = Release|Any CPU
	EndGlobalSection
	GlobalSection(SolutionProperties) = preSolution
		HideSolutionNode = FALSE
	EndGlobalSection
	GlobalSection(ExtensibilityGlobals) = postSolution
		SolutionGuid = {D9F8B62C-9D64-4062-8B80-70D80D4866AC}
	EndGlobalSection
EndGlobal
