
Microsoft Visual Studio Solution File, Format Version 12.00
# Visual Studio Version 16
VisualStudioVersion = 16.0.31424.327
MinimumVisualStudioVersion = 10.0.40219.1
Project("{FAE04EC0-301F-11D3-BF4B-00C04F79EFBC}") = "Calculator(UnitTests)", "Calculator(UnitTests)\Calculator(UnitTests).csproj", "{79C44925-8AC2-4FD8-B34E-C13BC477B8C7}"
EndProject
Project("{FAE04EC0-301F-11D3-BF4B-00C04F79EFBC}") = "Calculator(UnitTests).Test", "Calculator(UnitTests).Test\Calculator(UnitTests).Test.csproj", "{4912939E-4C3E-4C45-8FD6-A8083EDEA651}"
EndProject
Global
	GlobalSection(SolutionConfigurationPlatforms) = preSolution
		Debug|Any CPU = Debug|Any CPU
		Release|Any CPU = Release|Any CPU
	EndGlobalSection
	GlobalSection(ProjectConfigurationPlatforms) = postSolution
		{79C44925-8AC2-4FD8-B34E-C13BC477B8C7}.Debug|Any CPU.ActiveCfg = Debug|Any CPU
		{79C44925-8AC2-4FD8-B34E-C13BC477B8C7}.Debug|Any CPU.Build.0 = Debug|Any CPU
		{79C44925-8AC2-4FD8-B34E-C13BC477B8C7}.Release|Any CPU.ActiveCfg = Release|Any CPU
		{79C44925-8AC2-4FD8-B34E-C13BC477B8C7}.Release|Any CPU.Build.0 = Release|Any CPU
		{4912939E-4C3E-4C45-8FD6-A8083EDEA651}.Debug|Any CPU.ActiveCfg = Debug|Any CPU
		{4912939E-4C3E-4C45-8FD6-A8083EDEA651}.Debug|Any CPU.Build.0 = Debug|Any CPU
		{4912939E-4C3E-4C45-8FD6-A8083EDEA651}.Release|Any CPU.ActiveCfg = Release|Any CPU
		{4912939E-4C3E-4C45-8FD6-A8083EDEA651}.Release|Any CPU.Build.0 = Release|Any CPU
	EndGlobalSection
	GlobalSection(SolutionProperties) = preSolution
		HideSolutionNode = FALSE
	EndGlobalSection
	GlobalSection(ExtensibilityGlobals) = postSolution
		SolutionGuid = {78604F99-7322-41EA-A0F0-F1B94AB4381D}
	EndGlobalSection
EndGlobal
